// !$*UTF8*$!
{
	archiveVersion = 1;
	classes = {
	};
	objectVersion = 56;
	objects = {

/* Begin PBXBuildFile section */
		7B103B1A2AB1F1C2007FD453 /* NetworkManager.swift in Sources */ = {isa = PBXBuildFile; fileRef = 7B103B192AB1F1C2007FD453 /* NetworkManager.swift */; };
		7B103B1C2AB1F391007FD453 /* WeahterViewModel.swift in Sources */ = {isa = PBXBuildFile; fileRef = 7B103B1B2AB1F391007FD453 /* WeahterViewModel.swift */; };
		7B42AC902AB1E22D002A26AF /* AppDelegate.swift in Sources */ = {isa = PBXBuildFile; fileRef = 7B42AC8F2AB1E22D002A26AF /* AppDelegate.swift */; };
		7B42AC922AB1E22D002A26AF /* SceneDelegate.swift in Sources */ = {isa = PBXBuildFile; fileRef = 7B42AC912AB1E22D002A26AF /* SceneDelegate.swift */; };
		7B42AC942AB1E22D002A26AF /* WeatherViewController.swift in Sources */ = {isa = PBXBuildFile; fileRef = 7B42AC932AB1E22D002A26AF /* WeatherViewController.swift */; };
		7B42AC972AB1E22D002A26AF /* Main.storyboard in Resources */ = {isa = PBXBuildFile; fileRef = 7B42AC952AB1E22D002A26AF /* Main.storyboard */; };
		7B42AC992AB1E22E002A26AF /* Assets.xcassets in Resources */ = {isa = PBXBuildFile; fileRef = 7B42AC982AB1E22E002A26AF /* Assets.xcassets */; };
		7B42AC9C2AB1E22E002A26AF /* LaunchScreen.storyboard in Resources */ = {isa = PBXBuildFile; fileRef = 7B42AC9A2AB1E22E002A26AF /* LaunchScreen.storyboard */; };
		7B42ACAB2AB1E2C2002A26AF /* Constants.swift in Sources */ = {isa = PBXBuildFile; fileRef = 7B42ACAA2AB1E2C2002A26AF /* Constants.swift */; };
		7B42ACAD2AB1E2F2002A26AF /* WeatherModel.swift in Sources */ = {isa = PBXBuildFile; fileRef = 7B42ACAC2AB1E2F2002A26AF /* WeatherModel.swift */; };
		7B42ACAF2AB1E363002A26AF /* CloudsModel.swift in Sources */ = {isa = PBXBuildFile; fileRef = 7B42ACAE2AB1E363002A26AF /* CloudsModel.swift */; };
		7B42ACB12AB1E378002A26AF /* CoordinateModel.swift in Sources */ = {isa = PBXBuildFile; fileRef = 7B42ACB02AB1E378002A26AF /* CoordinateModel.swift */; };
		7B42ACB42AB1E3A1002A26AF /* MainModel.swift in Sources */ = {isa = PBXBuildFile; fileRef = 7B42ACB32AB1E3A1002A26AF /* MainModel.swift */; };
		7B42ACB62AB1E3B3002A26AF /* SysModel.swift in Sources */ = {isa = PBXBuildFile; fileRef = 7B42ACB52AB1E3B3002A26AF /* SysModel.swift */; };
		7B42ACB82AB1E3BE002A26AF /* Weather.swift in Sources */ = {isa = PBXBuildFile; fileRef = 7B42ACB72AB1E3BE002A26AF /* Weather.swift */; };
		7B42ACBA2AB1E3CE002A26AF /* WindModel.swift in Sources */ = {isa = PBXBuildFile; fileRef = 7B42ACB92AB1E3CE002A26AF /* WindModel.swift */; };
		7B42ACBC2AB1E48F002A26AF /* ServiceError.swift in Sources */ = {isa = PBXBuildFile; fileRef = 7B42ACBB2AB1E48F002A26AF /* ServiceError.swift */; };
		7B42ACBE2AB1E4CF002A26AF /* Endpoint.swift in Sources */ = {isa = PBXBuildFile; fileRef = 7B42ACBD2AB1E4CF002A26AF /* Endpoint.swift */; };
/* End PBXBuildFile section */

/* Begin PBXFileReference section */
		7B103B192AB1F1C2007FD453 /* NetworkManager.swift */ = {isa = PBXFileReference; lastKnownFileType = sourcecode.swift; path = NetworkManager.swift; sourceTree = "<group>"; };
		7B103B1B2AB1F391007FD453 /* WeahterViewModel.swift */ = {isa = PBXFileReference; lastKnownFileType = sourcecode.swift; path = WeahterViewModel.swift; sourceTree = "<group>"; };
		7B42AC8C2AB1E22D002A26AF /* Weather.app */ = {isa = PBXFileReference; explicitFileType = wrapper.application; includeInIndex = 0; path = Weather.app; sourceTree = BUILT_PRODUCTS_DIR; };
		7B42AC8F2AB1E22D002A26AF /* AppDelegate.swift */ = {isa = PBXFileReference; lastKnownFileType = sourcecode.swift; path = AppDelegate.swift; sourceTree = "<group>"; };
		7B42AC912AB1E22D002A26AF /* SceneDelegate.swift */ = {isa = PBXFileReference; lastKnownFileType = sourcecode.swift; path = SceneDelegate.swift; sourceTree = "<group>"; };
		7B42AC932AB1E22D002A26AF /* WeatherViewController.swift */ = {isa = PBXFileReference; lastKnownFileType = sourcecode.swift; path = WeatherViewController.swift; sourceTree = "<group>"; };
		7B42AC962AB1E22D002A26AF /* Base */ = {isa = PBXFileReference; lastKnownFileType = file.storyboard; name = Base; path = Base.lproj/Main.storyboard; sourceTree = "<group>"; };
		7B42AC982AB1E22E002A26AF /* Assets.xcassets */ = {isa = PBXFileReference; lastKnownFileType = folder.assetcatalog; path = Assets.xcassets; sourceTree = "<group>"; };
		7B42AC9B2AB1E22E002A26AF /* Base */ = {isa = PBXFileReference; lastKnownFileType = file.storyboard; name = Base; path = Base.lproj/LaunchScreen.storyboard; sourceTree = "<group>"; };
		7B42AC9D2AB1E22E002A26AF /* Info.plist */ = {isa = PBXFileReference; lastKnownFileType = text.plist.xml; path = Info.plist; sourceTree = "<group>"; };
		7B42ACAA2AB1E2C2002A26AF /* Constants.swift */ = {isa = PBXFileReference; lastKnownFileType = sourcecode.swift; path = Constants.swift; sourceTree = "<group>"; };
		7B42ACAC2AB1E2F2002A26AF /* WeatherModel.swift */ = {isa = PBXFileReference; lastKnownFileType = sourcecode.swift; path = WeatherModel.swift; sourceTree = "<group>"; };
		7B42ACAE2AB1E363002A26AF /* CloudsModel.swift */ = {isa = PBXFileReference; lastKnownFileType = sourcecode.swift; path = CloudsModel.swift; sourceTree = "<group>"; };
		7B42ACB02AB1E378002A26AF /* CoordinateModel.swift */ = {isa = PBXFileReference; lastKnownFileType = sourcecode.swift; path = CoordinateModel.swift; sourceTree = "<group>"; };
		7B42ACB32AB1E3A1002A26AF /* MainModel.swift */ = {isa = PBXFileReference; lastKnownFileType = sourcecode.swift; path = MainModel.swift; sourceTree = "<group>"; };
		7B42ACB52AB1E3B3002A26AF /* SysModel.swift */ = {isa = PBXFileReference; lastKnownFileType = sourcecode.swift; path = SysModel.swift; sourceTree = "<group>"; };
		7B42ACB72AB1E3BE002A26AF /* Weather.swift */ = {isa = PBXFileReference; lastKnownFileType = sourcecode.swift; path = Weather.swift; sourceTree = "<group>"; };
		7B42ACB92AB1E3CE002A26AF /* WindModel.swift */ = {isa = PBXFileReference; lastKnownFileType = sourcecode.swift; path = WindModel.swift; sourceTree = "<group>"; };
		7B42ACBB2AB1E48F002A26AF /* ServiceError.swift */ = {isa = PBXFileReference; lastKnownFileType = sourcecode.swift; path = ServiceError.swift; sourceTree = "<group>"; };
		7B42ACBD2AB1E4CF002A26AF /* Endpoint.swift */ = {isa = PBXFileReference; lastKnownFileType = sourcecode.swift; path = Endpoint.swift; sourceTree = "<group>"; };
/* End PBXFileReference section */

/* Begin PBXFrameworksBuildPhase section */
		7B42AC892AB1E22D002A26AF /* Frameworks */ = {
			isa = PBXFrameworksBuildPhase;
			buildActionMask = 2147483647;
			files = (
			);
			runOnlyForDeploymentPostprocessing = 0;
		};
/* End PBXFrameworksBuildPhase section */

/* Begin PBXGroup section */
		7B42AC832AB1E22D002A26AF = {
			isa = PBXGroup;
			children = (
				7B42AC8E2AB1E22D002A26AF /* Weather */,
				7B42AC8D2AB1E22D002A26AF /* Products */,
			);
			sourceTree = "<group>";
		};
		7B42AC8D2AB1E22D002A26AF /* Products */ = {
			isa = PBXGroup;
			children = (
				7B42AC8C2AB1E22D002A26AF /* Weather.app */,
			);
			name = Products;
			sourceTree = "<group>";
		};
		7B42AC8E2AB1E22D002A26AF /* Weather */ = {
			isa = PBXGroup;
			children = (
				7B42ACA82AB1E26C002A26AF /* Delegation */,
				7B42ACA72AB1E263002A26AF /* NetworkManager */,
				7B42ACA62AB1E260002A26AF /* Helpers */,
				7B42ACA52AB1E25D002A26AF /* Model */,
				7B42ACA42AB1E257002A26AF /* View */,
				7B42ACA32AB1E252002A26AF /* ViewModel */,
				7B42AC982AB1E22E002A26AF /* Assets.xcassets */,
				7B42AC9D2AB1E22E002A26AF /* Info.plist */,
			);
			path = Weather;
			sourceTree = "<group>";
		};
		7B42ACA32AB1E252002A26AF /* ViewModel */ = {
			isa = PBXGroup;
			children = (
				7B103B1B2AB1F391007FD453 /* WeahterViewModel.swift */,
			);
			path = ViewModel;
			sourceTree = "<group>";
		};
		7B42ACA42AB1E257002A26AF /* View */ = {
			isa = PBXGroup;
			children = (
				7B42ACA92AB1E281002A26AF /* Controller */,
				7B42AC952AB1E22D002A26AF /* Main.storyboard */,
			);
			path = View;
			sourceTree = "<group>";
		};
		7B42ACA52AB1E25D002A26AF /* Model */ = {
			isa = PBXGroup;
			children = (
				7B42ACB32AB1E3A1002A26AF /* MainModel.swift */,
				7B42ACB52AB1E3B3002A26AF /* SysModel.swift */,
				7B42ACB02AB1E378002A26AF /* CoordinateModel.swift */,
				7B42ACAC2AB1E2F2002A26AF /* WeatherModel.swift */,
				7B42ACB72AB1E3BE002A26AF /* Weather.swift */,
				7B42ACB92AB1E3CE002A26AF /* WindModel.swift */,
				7B42ACAE2AB1E363002A26AF /* CloudsModel.swift */,
			);
			path = Model;
			sourceTree = "<group>";
		};
		7B42ACA62AB1E260002A26AF /* Helpers */ = {
			isa = PBXGroup;
			children = (
				7B42ACAA2AB1E2C2002A26AF /* Constants.swift */,
			);
			path = Helpers;
			sourceTree = "<group>";
		};
		7B42ACA72AB1E263002A26AF /* NetworkManager */ = {
			isa = PBXGroup;
			children = (
				7B42ACBB2AB1E48F002A26AF /* ServiceError.swift */,
				7B42ACBD2AB1E4CF002A26AF /* Endpoint.swift */,
				7B103B192AB1F1C2007FD453 /* NetworkManager.swift */,
			);
			path = NetworkManager;
			sourceTree = "<group>";
		};
		7B42ACA82AB1E26C002A26AF /* Delegation */ = {
			isa = PBXGroup;
			children = (
				7B42AC9A2AB1E22E002A26AF /* LaunchScreen.storyboard */,
				7B42AC8F2AB1E22D002A26AF /* AppDelegate.swift */,
				7B42AC912AB1E22D002A26AF /* SceneDelegate.swift */,
			);
			path = Delegation;
			sourceTree = "<group>";
		};
		7B42ACA92AB1E281002A26AF /* Controller */ = {
			isa = PBXGroup;
			children = (
				7B42AC932AB1E22D002A26AF /* WeatherViewController.swift */,
			);
			path = Controller;
			sourceTree = "<group>";
		};
/* End PBXGroup section */

/* Begin PBXNativeTarget section */
		7B42AC8B2AB1E22D002A26AF /* Weather */ = {
			isa = PBXNativeTarget;
			buildConfigurationList = 7B42ACA02AB1E22E002A26AF /* Build configuration list for PBXNativeTarget "Weather" */;
			buildPhases = (
				7B42AC882AB1E22D002A26AF /* Sources */,
				7B42AC892AB1E22D002A26AF /* Frameworks */,
				7B42AC8A2AB1E22D002A26AF /* Resources */,
			);
			buildRules = (
			);
			dependencies = (
			);
			name = Weather;
			productName = Weather;
			productReference = 7B42AC8C2AB1E22D002A26AF /* Weather.app */;
			productType = "com.apple.product-type.application";
		};
/* End PBXNativeTarget section */

/* Begin PBXProject section */
		7B42AC842AB1E22D002A26AF /* Project object */ = {
			isa = PBXProject;
			attributes = {
				BuildIndependentTargetsInParallel = 1;
				LastSwiftUpdateCheck = 1400;
				LastUpgradeCheck = 1400;
				TargetAttributes = {
					7B42AC8B2AB1E22D002A26AF = {
						CreatedOnToolsVersion = 14.0;
					};
				};
			};
			buildConfigurationList = 7B42AC872AB1E22D002A26AF /* Build configuration list for PBXProject "Weather" */;
			compatibilityVersion = "Xcode 14.0";
			developmentRegion = en;
			hasScannedForEncodings = 0;
			knownRegions = (
				en,
				Base,
			);
			mainGroup = 7B42AC832AB1E22D002A26AF;
			productRefGroup = 7B42AC8D2AB1E22D002A26AF /* Products */;
			projectDirPath = "";
			projectRoot = "";
			targets = (
				7B42AC8B2AB1E22D002A26AF /* Weather */,
			);
		};
/* End PBXProject section */

/* Begin PBXResourcesBuildPhase section */
		7B42AC8A2AB1E22D002A26AF /* Resources */ = {
			isa = PBXResourcesBuildPhase;
			buildActionMask = 2147483647;
			files = (
				7B42AC9C2AB1E22E002A26AF /* LaunchScreen.storyboard in Resources */,
				7B42AC992AB1E22E002A26AF /* Assets.xcassets in Resources */,
				7B42AC972AB1E22D002A26AF /* Main.storyboard in Resources */,
			);
			runOnlyForDeploymentPostprocessing = 0;
		};
/* End PBXResourcesBuildPhase section */

/* Begin PBXSourcesBuildPhase section */
		7B42AC882AB1E22D002A26AF /* Sources */ = {
			isa = PBXSourcesBuildPhase;
			buildActionMask = 2147483647;
			files = (
				7B42ACBC2AB1E48F002A26AF /* ServiceError.swift in Sources */,
				7B42ACB42AB1E3A1002A26AF /* MainModel.swift in Sources */,
				7B42ACBA2AB1E3CE002A26AF /* WindModel.swift in Sources */,
				7B42ACBE2AB1E4CF002A26AF /* Endpoint.swift in Sources */,
				7B103B1A2AB1F1C2007FD453 /* NetworkManager.swift in Sources */,
				7B42AC942AB1E22D002A26AF /* WeatherViewController.swift in Sources */,
				7B42ACB62AB1E3B3002A26AF /* SysModel.swift in Sources */,
				7B42AC902AB1E22D002A26AF /* AppDelegate.swift in Sources */,
				7B42ACB82AB1E3BE002A26AF /* Weather.swift in Sources */,
				7B42AC922AB1E22D002A26AF /* SceneDelegate.swift in Sources */,
				7B42ACAF2AB1E363002A26AF /* CloudsModel.swift in Sources */,
				7B42ACAB2AB1E2C2002A26AF /* Constants.swift in Sources */,
				7B42ACB12AB1E378002A26AF /* CoordinateModel.swift in Sources */,
				7B103B1C2AB1F391007FD453 /* WeahterViewModel.swift in Sources */,
				7B42ACAD2AB1E2F2002A26AF /* WeatherModel.swift in Sources */,
			);
			runOnlyForDeploymentPostprocessing = 0;
		};
/* End PBXSourcesBuildPhase section */

/* Begin PBXVariantGroup section */
		7B42AC952AB1E22D002A26AF /* Main.storyboard */ = {
			isa = PBXVariantGroup;
			children = (
				7B42AC962AB1E22D002A26AF /* Base */,
			);
			name = Main.storyboard;
			sourceTree = "<group>";
		};
		7B42AC9A2AB1E22E002A26AF /* LaunchScreen.storyboard */ = {
			isa = PBXVariantGroup;
			children = (
				7B42AC9B2AB1E22E002A26AF /* Base */,
			);
			name = LaunchScreen.storyboard;
			sourceTree = "<group>";
		};
/* End PBXVariantGroup section */

/* Begin XCBuildConfiguration section */
		7B42AC9E2AB1E22E002A26AF /* Debug */ = {
			isa = XCBuildConfiguration;
			buildSettings = {
				ALWAYS_SEARCH_USER_PATHS = NO;
				CLANG_ANALYZER_NONNULL = YES;
				CLANG_ANALYZER_NUMBER_OBJECT_CONVERSION = YES_AGGRESSIVE;
				CLANG_CXX_LANGUAGE_STANDARD = "gnu++20";
				CLANG_ENABLE_MODULES = YES;
				CLANG_ENABLE_OBJC_ARC = YES;
				CLANG_ENABLE_OBJC_WEAK = YES;
				CLANG_WARN_BLOCK_CAPTURE_AUTORELEASING = YES;
				CLANG_WARN_BOOL_CONVERSION = YES;
				CLANG_WARN_COMMA = YES;
				CLANG_WARN_CONSTANT_CONVERSION = YES;
				CLANG_WARN_DEPRECATED_OBJC_IMPLEMENTATIONS = YES;
				CLANG_WARN_DIRECT_OBJC_ISA_USAGE = YES_ERROR;
				CLANG_WARN_DOCUMENTATION_COMMENTS = YES;
				CLANG_WARN_EMPTY_BODY = YES;
				CLANG_WARN_ENUM_CONVERSION = YES;
				CLANG_WARN_INFINITE_RECURSION = YES;
				CLANG_WARN_INT_CONVERSION = YES;
				CLANG_WARN_NON_LITERAL_NULL_CONVERSION = YES;
				CLANG_WARN_OBJC_IMPLICIT_RETAIN_SELF = YES;
				CLANG_WARN_OBJC_LITERAL_CONVERSION = YES;
				CLANG_WARN_OBJC_ROOT_CLASS = YES_ERROR;
				CLANG_WARN_QUOTED_INCLUDE_IN_FRAMEWORK_HEADER = YES;
				CLANG_WARN_RANGE_LOOP_ANALYSIS = YES;
				CLANG_WARN_STRICT_PROTOTYPES = YES;
				CLANG_WARN_SUSPICIOUS_MOVE = YES;
				CLANG_WARN_UNGUARDED_AVAILABILITY = YES_AGGRESSIVE;
				CLANG_WARN_UNREACHABLE_CODE = YES;
				CLANG_WARN__DUPLICATE_METHOD_MATCH = YES;
				COPY_PHASE_STRIP = NO;
				DEBUG_INFORMATION_FORMAT = dwarf;
				ENABLE_STRICT_OBJC_MSGSEND = YES;
				ENABLE_TESTABILITY = YES;
				GCC_C_LANGUAGE_STANDARD = gnu11;
				GCC_DYNAMIC_NO_PIC = NO;
				GCC_NO_COMMON_BLOCKS = YES;
				GCC_OPTIMIZATION_LEVEL = 0;
				GCC_PREPROCESSOR_DEFINITIONS = (
					"DEBUG=1",
					"$(inherited)",
				);
				GCC_WARN_64_TO_32_BIT_CONVERSION = YES;
				GCC_WARN_ABOUT_RETURN_TYPE = YES_ERROR;
				GCC_WARN_UNDECLARED_SELECTOR = YES;
				GCC_WARN_UNINITIALIZED_AUTOS = YES_AGGRESSIVE;
				GCC_WARN_UNUSED_FUNCTION = YES;
				GCC_WARN_UNUSED_VARIABLE = YES;
				IPHONEOS_DEPLOYMENT_TARGET = 16.0;
				MTL_ENABLE_DEBUG_INFO = INCLUDE_SOURCE;
				MTL_FAST_MATH = YES;
				ONLY_ACTIVE_ARCH = YES;
				SDKROOT = iphoneos;
				SWIFT_ACTIVE_COMPILATION_CONDITIONS = DEBUG;
				SWIFT_OPTIMIZATION_LEVEL = "-Onone";
			};
			name = Debug;
		};
		7B42AC9F2AB1E22E002A26AF /* Release */ = {
			isa = XCBuildConfiguration;
			buildSettings = {
				ALWAYS_SEARCH_USER_PATHS = NO;
				CLANG_ANALYZER_NONNULL = YES;
				CLANG_ANALYZER_NUMBER_OBJECT_CONVERSION = YES_AGGRESSIVE;
				CLANG_CXX_LANGUAGE_STANDARD = "gnu++20";
				CLANG_ENABLE_MODULES = YES;
				CLANG_ENABLE_OBJC_ARC = YES;
				CLANG_ENABLE_OBJC_WEAK = YES;
				CLANG_WARN_BLOCK_CAPTURE_AUTORELEASING = YES;
				CLANG_WARN_BOOL_CONVERSION = YES;
				CLANG_WARN_COMMA = YES;
				CLANG_WARN_CONSTANT_CONVERSION = YES;
				CLANG_WARN_DEPRECATED_OBJC_IMPLEMENTATIONS = YES;
				CLANG_WARN_DIRECT_OBJC_ISA_USAGE = YES_ERROR;
				CLANG_WARN_DOCUMENTATION_COMMENTS = YES;
				CLANG_WARN_EMPTY_BODY = YES;
				CLANG_WARN_ENUM_CONVERSION = YES;
				CLANG_WARN_INFINITE_RECURSION = YES;
				CLANG_WARN_INT_CONVERSION = YES;
				CLANG_WARN_NON_LITERAL_NULL_CONVERSION = YES;
				CLANG_WARN_OBJC_IMPLICIT_RETAIN_SELF = YES;
				CLANG_WARN_OBJC_LITERAL_CONVERSION = YES;
				CLANG_WARN_OBJC_ROOT_CLASS = YES_ERROR;
				CLANG_WARN_QUOTED_INCLUDE_IN_FRAMEWORK_HEADER = YES;
				CLANG_WARN_RANGE_LOOP_ANALYSIS = YES;
				CLANG_WARN_STRICT_PROTOTYPES = YES;
				CLANG_WARN_SUSPICIOUS_MOVE = YES;
				CLANG_WARN_UNGUARDED_AVAILABILITY = YES_AGGRESSIVE;
				CLANG_WARN_UNREACHABLE_CODE = YES;
				CLANG_WARN__DUPLICATE_METHOD_MATCH = YES;
				COPY_PHASE_STRIP = NO;
				DEBUG_INFORMATION_FORMAT = "dwarf-with-dsym";
				ENABLE_NS_ASSERTIONS = NO;
				ENABLE_STRICT_OBJC_MSGSEND = YES;
				GCC_C_LANGUAGE_STANDARD = gnu11;
				GCC_NO_COMMON_BLOCKS = YES;
				GCC_WARN_64_TO_32_BIT_CONVERSION = YES;
				GCC_WARN_ABOUT_RETURN_TYPE = YES_ERROR;
				GCC_WARN_UNDECLARED_SELECTOR = YES;
				GCC_WARN_UNINITIALIZED_AUTOS = YES_AGGRESSIVE;
				GCC_WARN_UNUSED_FUNCTION = YES;
				GCC_WARN_UNUSED_VARIABLE = YES;
				IPHONEOS_DEPLOYMENT_TARGET = 16.0;
				MTL_ENABLE_DEBUG_INFO = NO;
				MTL_FAST_MATH = YES;
				SDKROOT = iphoneos;
				SWIFT_COMPILATION_MODE = wholemodule;
				SWIFT_OPTIMIZATION_LEVEL = "-O";
				VALIDATE_PRODUCT = YES;
			};
			name = Release;
		};
		7B42ACA12AB1E22E002A26AF /* Debug */ = {
			isa = XCBuildConfiguration;
			buildSettings = {
				ASSETCATALOG_COMPILER_APPICON_NAME = AppIcon;
				ASSETCATALOG_COMPILER_GLOBAL_ACCENT_COLOR_NAME = AccentColor;
				CODE_SIGN_STYLE = Automatic;
				CURRENT_PROJECT_VERSION = 1;
				DEVELOPMENT_TEAM = KTK732WRHB;
				GENERATE_INFOPLIST_FILE = YES;
				INFOPLIST_FILE = Weather/Info.plist;
				INFOPLIST_KEY_UIApplicationSupportsIndirectInputEvents = YES;
				INFOPLIST_KEY_UILaunchStoryboardName = LaunchScreen;
				INFOPLIST_KEY_UIMainStoryboardFile = Main;
				INFOPLIST_KEY_UISupportedInterfaceOrientations_iPad = "UIInterfaceOrientationPortrait UIInterfaceOrientationPortraitUpsideDown UIInterfaceOrientationLandscapeLeft UIInterfaceOrientationLandscapeRight";
				INFOPLIST_KEY_UISupportedInterfaceOrientations_iPhone = "UIInterfaceOrientationPortrait UIInterfaceOrientationLandscapeLeft UIInterfaceOrientationLandscapeRight";
				LD_RUNPATH_SEARCH_PATHS = (
					"$(inherited)",
					"@executable_path/Frameworks",
				);
				MARKETING_VERSION = 1.0;
				PRODUCT_BUNDLE_IDENTIFIER = com.allymationes.Weather;
				PRODUCT_NAME = "$(TARGET_NAME)";
				SWIFT_EMIT_LOC_STRINGS = YES;
				SWIFT_VERSION = 5.0;
				TARGETED_DEVICE_FAMILY = "1,2";
			};
			name = Debug;
		};
		7B42ACA22AB1E22E002A26AF /* Release */ = {
			isa = XCBuildConfiguration;
			buildSettings = {
				ASSETCATALOG_COMPILER_APPICON_NAME = AppIcon;
				ASSETCATALOG_COMPILER_GLOBAL_ACCENT_COLOR_NAME = AccentColor;
				CODE_SIGN_STYLE = Automatic;
				CURRENT_PROJECT_VERSION = 1;
				DEVELOPMENT_TEAM = KTK732WRHB;
				GENERATE_INFOPLIST_FILE = YES;
				INFOPLIST_FILE = Weather/Info.plist;
				INFOPLIST_KEY_UIApplicationSupportsIndirectInputEvents = YES;
				INFOPLIST_KEY_UILaunchStoryboardName = LaunchScreen;
				INFOPLIST_KEY_UIMainStoryboardFile = Main;
				INFOPLIST_KEY_UISupportedInterfaceOrientations_iPad = "UIInterfaceOrientationPortrait UIInterfaceOrientationPortraitUpsideDown UIInterfaceOrientationLandscapeLeft UIInterfaceOrientationLandscapeRight";
				INFOPLIST_KEY_UISupportedInterfaceOrientations_iPhone = "UIInterfaceOrientationPortrait UIInterfaceOrientationLandscapeLeft UIInterfaceOrientationLandscapeRight";
				LD_RUNPATH_SEARCH_PATHS = (
					"$(inherited)",
					"@executable_path/Frameworks",
				);
				MARKETING_VERSION = 1.0;
				PRODUCT_BUNDLE_IDENTIFIER = com.allymationes.Weather;
				PRODUCT_NAME = "$(TARGET_NAME)";
				SWIFT_EMIT_LOC_STRINGS = YES;
				SWIFT_VERSION = 5.0;
				TARGETED_DEVICE_FAMILY = "1,2";
			};
			name = Release;
		};
/* End XCBuildConfiguration section */

/* Begin XCConfigurationList section */
		7B42AC872AB1E22D002A26AF /* Build configuration list for PBXProject "Weather" */ = {
			isa = XCConfigurationList;
			buildConfigurations = (
				7B42AC9E2AB1E22E002A26AF /* Debug */,
				7B42AC9F2AB1E22E002A26AF /* Release */,
			);
			defaultConfigurationIsVisible = 0;
			defaultConfigurationName = Release;
		};
		7B42ACA02AB1E22E002A26AF /* Build configuration list for PBXNativeTarget "Weather" */ = {
			isa = XCConfigurationList;
			buildConfigurations = (
				7B42ACA12AB1E22E002A26AF /* Debug */,
				7B42ACA22AB1E22E002A26AF /* Release */,
			);
			defaultConfigurationIsVisible = 0;
			defaultConfigurationName = Release;
		};
/* End XCConfigurationList section */
	};
	rootObject = 7B42AC842AB1E22D002A26AF /* Project object */;
}
